
Microsoft Visual Studio Solution File, Format Version 12.00
# Visual Studio Version 16
VisualStudioVersion = 16.0.30804.86
MinimumVisualStudioVersion = 10.0.40219.1
Project("{FAE04EC0-301F-11D3-BF4B-00C04F79EFBC}") = "ManageStudent1", "ManageStudent1\ManageStudent1.csproj", "{9ACB8D4C-AC91-498A-8E9D-AA8F78F98B92}"
EndProject
Project("{2150E333-8FDC-42A3-9474-1A3956D46DE8}") = "Solution Items", "Solution Items", "{B4B6315F-F5F5-4DFE-A77C-ADB6A8E60DD7}"
EndProject
Global
	GlobalSection(SolutionConfigurationPlatforms) = preSolution
		Debug|Any CPU = Debug|Any CPU
		Release|Any CPU = Release|Any CPU
	EndGlobalSection
	GlobalSection(ProjectConfigurationPlatforms) = postSolution
		{9ACB8D4C-AC91-498A-8E9D-AA8F78F98B92}.Debug|Any CPU.ActiveCfg = Debug|Any CPU
		{9ACB8D4C-AC91-498A-8E9D-AA8F78F98B92}.Debug|Any CPU.Build.0 = Debug|Any CPU
		{9ACB8D4C-AC91-498A-8E9D-AA8F78F98B92}.Release|Any CPU.ActiveCfg = Release|Any CPU
		{9ACB8D4C-AC91-498A-8E9D-AA8F78F98B92}.Release|Any CPU.Build.0 = Release|Any CPU
	EndGlobalSection
	GlobalSection(SolutionProperties) = preSolution
		HideSolutionNode = FALSE
	EndGlobalSection
	GlobalSection(ExtensibilityGlobals) = postSolution
		SolutionGuid = {D19312EF-B9B8-475E-B139-806C47E2C3B8}
	EndGlobalSection
EndGlobal
